<?xml version="1.0" encoding="utf-8"?>
<Project ToolsVersion="4.0" xmlns="http://schemas.microsoft.com/developer/msbuild/2003">
  <ItemGroup>
    <Filter Include="Source Files">
      <UniqueIdentifier>{d902f7c3-d76c-4976-8de9-a3d0ba3c02cb}</UniqueIdentifier>
      <Extensions>cpp;c;cxx;rc;def;r;odl;idl;hpj;bat</Extensions>
    </Filter>
    <Filter Include="Header Files">
      <UniqueIdentifier>{d4266cf6-666a-42ac-b0f5-13e57af88005}</UniqueIdentifier>
      <Extensions>h;hpp;hxx;hm;inl</Extensions>
    </Filter>
    <Filter Include="Resource Files">
      <UniqueIdentifier>{5339f669-f391-4550-8c3f-cc4712643541}</UniqueIdentifier>
      <Extensions>ico;cur;bmp;dlg;rc2;rct;bin;rgs;gif;jpg;jpeg;jpe</Extensions>
    </Filter>
  </ItemGroup>
  <ItemGroup>
    <ClCompile Include="Chess.cpp">
      <Filter>Source Files</Filter>
    </ClCompile>
    <ClCompile Include="Computer.cpp">
      <Filter>Source Files</Filter>
    </ClCompile>
    <ClCompile Include="Dig.cpp">
      <Filter>Source Files</Filter>
    </ClCompile>
    <ClCompile Include="Enter.cpp">
      <Filter>Source Files</Filter>
    </ClCompile>
    <ClCompile Include="MainFrm.cpp">
      <Filter>Source Files</Filter>
    </ClCompile>
    <ClCompile Include="Managers.cpp">
      <Filter>Source Files</Filter>
    </ClCompile>
    <ClCompile Include="Player.cpp">
      <Filter>Source Files</Filter>
    </ClCompile>
    <ClCompile Include="programs.cpp">
      <Filter>Source Files</Filter>
    </ClCompile>
    <ClCompile Include="programsDoc.cpp">
      <Filter>Source Files</Filter>
    </ClCompile>
    <ClCompile Include="programsView.cpp">
      <Filter>Source Files</Filter>
    </ClCompile>
    <ClCompile Include="StdAfx.cpp">
      <Filter>Source Files</Filter>
    </ClCompile>
  </ItemGroup>
  <ItemGroup>
    <ResourceCompile Include="programs.rc">
      <Filter>Source Files</Filter>
    </ResourceCompile>
  </ItemGroup>
  <ItemGroup>
    <ClInclude Include="Chess.h">
      <Filter>Header Files</Filter>
    </ClInclude>
    <ClInclude Include="Computer.h">
      <Filter>Header Files</Filter>
    </ClInclude>
    <ClInclude Include="Dig.h">
      <Filter>Header Files</Filter>
    </ClInclude>
    <ClInclude Include="Enter.h">
      <Filter>Header Files</Filter>
    </ClInclude>
    <ClInclude Include="MainFrm.h">
      <Filter>Header Files</Filter>
    </ClInclude>
    <ClInclude Include="Managers.h">
      <Filter>Header Files</Filter>
    </ClInclude>
    <ClInclude Include="Player.h">
      <Filter>Header Files</Filter>
    </ClInclude>
    <ClInclude Include="programs.h">
      <Filter>Header Files</Filter>
    </ClInclude>
    <ClInclude Include="programsDoc.h">
      <Filter>Header Files</Filter>
    </ClInclude>
    <ClInclude Include="programsView.h">
      <Filter>Header Files</Filter>
    </ClInclude>
    <ClInclude Include="Resource.h">
      <Filter>Header Files</Filter>
    </ClInclude>
    <ClInclude Include="StdAfx.h">
      <Filter>Header Files</Filter>
    </ClInclude>
  </ItemGroup>
  <ItemGroup>
    <Image Include="res\chessboard.bmp">
      <Filter>Resource Files</Filter>
    </Image>
    <Image Include="res\mask.bmp">
      <Filter>Resource Files</Filter>
    </Image>
    <Image Include="res\programs.ico">
      <Filter>Resource Files</Filter>
    </Image>
    <Image Include="res\programsDoc.ico">
      <Filter>Resource Files</Filter>
    </Image>
    <Image Include="res\score.bmp">
      <Filter>Resource Files</Filter>
    </Image>
    <Image Include="res\白子副本.bmp">
      <Filter>Resource Files</Filter>
    </Image>
    <Image Include="res\黑子副本.bmp">
      <Filter>Resource Files</Filter>
    </Image>
    <Image Include="res\结束副本.bmp">
      <Filter>Resource Files</Filter>
    </Image>
    <Image Include="res\开始副本.bmp">
      <Filter>Resource Files</Filter>
    </Image>
    <Image Include="res\选中白子.bmp">
      <Filter>Resource Files</Filter>
    </Image>
    <Image Include="res\选中黑子.bmp">
      <Filter>Resource Files</Filter>
    </Image>
    <Image Include="res\选中空格.bmp">
      <Filter>Resource Files</Filter>
    </Image>
  </ItemGroup>
  <ItemGroup>
    <Text Include="ReadMe.txt" />
  </ItemGroup>
  <ItemGroup>
    <CustomBuild Include="res\programs.rc2">
      <Filter>Resource Files</Filter>
    </CustomBuild>
  </ItemGroup>
</Project>